// !$*UTF8*$!
{
	archiveVersion = 1;
	classes = {
	};
	objectVersion = 46;
	objects = {

/* Begin PBXBuildFile section */
		280BFB761BED04720070EA1B /* main.m in Sources */ = {isa = PBXBuildFile; fileRef = 280BFB751BED04720070EA1B /* main.m */; };
		280BFB791BED04720070EA1B /* AppDelegate.m in Sources */ = {isa = PBXBuildFile; fileRef = 280BFB781BED04720070EA1B /* AppDelegate.m */; };
		280BFB7C1BED04720070EA1B /* ViewController.m in Sources */ = {isa = PBXBuildFile; fileRef = 280BFB7B1BED04720070EA1B /* ViewController.m */; };
		280BFB7F1BED04720070EA1B /* Main.storyboard in Resources */ = {isa = PBXBuildFile; fileRef = 280BFB7D1BED04720070EA1B /* Main.storyboard */; };
		280BFB811BED04720070EA1B /* Assets.xcassets in Resources */ = {isa = PBXBuildFile; fileRef = 280BFB801BED04720070EA1B /* Assets.xcassets */; };
		280BFB841BED04720070EA1B /* LaunchScreen.storyboard in Resources */ = {isa = PBXBuildFile; fileRef = 280BFB821BED04720070EA1B /* LaunchScreen.storyboard */; };
/* End PBXBuildFile section */

/* Begin PBXFileReference section */
		280BFB711BED04720070EA1B /* LongRunningTaskVOIPExample.app */ = {isa = PBXFileReference; explicitFileType = wrapper.application; includeInIndex = 0; path = LongRunningTaskVOIPExample.app; sourceTree = BUILT_PRODUCTS_DIR; };
		280BFB751BED04720070EA1B /* main.m */ = {isa = PBXFileReference; lastKnownFileType = sourcecode.c.objc; path = main.m; sourceTree = "<group>"; };
		280BFB771BED04720070EA1B /* AppDelegate.h */ = {isa = PBXFileReference; lastKnownFileType = sourcecode.c.h; path = AppDelegate.h; sourceTree = "<group>"; };
		280BFB781BED04720070EA1B /* AppDelegate.m */ = {isa = PBXFileReference; lastKnownFileType = sourcecode.c.objc; path = AppDelegate.m; sourceTree = "<group>"; };
		280BFB7A1BED04720070EA1B /* ViewController.h */ = {isa = PBXFileReference; lastKnownFileType = sourcecode.c.h; path = ViewController.h; sourceTree = "<group>"; };
		280BFB7B1BED04720070EA1B /* ViewController.m */ = {isa = PBXFileReference; lastKnownFileType = sourcecode.c.objc; path = ViewController.m; sourceTree = "<group>"; };
		280BFB7E1BED04720070EA1B /* Base */ = {isa = PBXFileReference; lastKnownFileType = file.storyboard; name = Base; path = Base.lproj/Main.storyboard; sourceTree = "<group>"; };
		280BFB801BED04720070EA1B /* Assets.xcassets */ = {isa = PBXFileReference; lastKnownFileType = folder.assetcatalog; path = Assets.xcassets; sourceTree = "<group>"; };
		280BFB831BED04720070EA1B /* Base */ = {isa = PBXFileReference; lastKnownFileType = file.storyboard; name = Base; path = Base.lproj/LaunchScreen.storyboard; sourceTree = "<group>"; };
		280BFB851BED04720070EA1B /* Info.plist */ = {isa = PBXFileReference; lastKnownFileType = text.plist.xml; path = Info.plist; sourceTree = "<group>"; };
/* End PBXFileReference section */

/* Begin PBXFrameworksBuildPhase section */
		280BFB6E1BED04720070EA1B /* Frameworks */ = {
			isa = PBXFrameworksBuildPhase;
			buildActionMask = 2147483647;
			files = (
			);
			runOnlyForDeploymentPostprocessing = 0;
		};
/* End PBXFrameworksBuildPhase section */

/* Begin PBXGroup section */
		280BFB681BED04720070EA1B = {
			isa = PBXGroup;
			children = (
				280BFB731BED04720070EA1B /* LongRunningTaskVOIPExample */,
				280BFB721BED04720070EA1B /* Products */,
			);
			sourceTree = "<group>";
		};
		280BFB721BED04720070EA1B /* Products */ = {
			isa = PBXGroup;
			children = (
				280BFB711BED04720070EA1B /* LongRunningTaskVOIPExample.app */,
			);
			name = Products;
			sourceTree = "<group>";
		};
		280BFB731BED04720070EA1B /* LongRunningTaskVOIPExample */ = {
			isa = PBXGroup;
			children = (
				280BFB771BED04720070EA1B /* AppDelegate.h */,
				280BFB781BED04720070EA1B /* AppDelegate.m */,
				280BFB7A1BED04720070EA1B /* ViewController.h */,
				280BFB7B1BED04720070EA1B /* ViewController.m */,
				280BFB7D1BED04720070EA1B /* Main.storyboard */,
				280BFB801BED04720070EA1B /* Assets.xcassets */,
				280BFB821BED04720070EA1B /* LaunchScreen.storyboard */,
				280BFB851BED04720070EA1B /* Info.plist */,
				280BFB741BED04720070EA1B /* Supporting Files */,
			);
			path = LongRunningTaskVOIPExample;
			sourceTree = "<group>";
		};
		280BFB741BED04720070EA1B /* Supporting Files */ = {
			isa = PBXGroup;
			children = (
				280BFB751BED04720070EA1B /* main.m */,
			);
			name = "Supporting Files";
			sourceTree = "<group>";
		};
/* End PBXGroup section */

/* Begin PBXNativeTarget section */
		280BFB701BED04720070EA1B /* LongRunningTaskVOIPExample */ = {
			isa = PBXNativeTarget;
			buildConfigurationList = 280BFB881BED04720070EA1B /* Build configuration list for PBXNativeTarget "LongRunningTaskVOIPExample" */;
			buildPhases = (
				280BFB6D1BED04720070EA1B /* Sources */,
				280BFB6E1BED04720070EA1B /* Frameworks */,
				280BFB6F1BED04720070EA1B /* Resources */,
			);
			buildRules = (
			);
			dependencies = (
			);
			name = LongRunningTaskVOIPExample;
			productName = LongRunningTaskVOIPExample;
			productReference = 280BFB711BED04720070EA1B /* LongRunningTaskVOIPExample.app */;
			productType = "com.apple.product-type.application";
		};
/* End PBXNativeTarget section */

/* Begin PBXProject section */
		280BFB691BED04720070EA1B /* Project object */ = {
			isa = PBXProject;
			attributes = {
				LastUpgradeCheck = 0700;
				ORGANIZATIONNAME = "Bob Dugan";
				TargetAttributes = {
					280BFB701BED04720070EA1B = {
						CreatedOnToolsVersion = 7.0.1;
					};
				};
			};
			buildConfigurationList = 280BFB6C1BED04720070EA1B /* Build configuration list for PBXProject "LongRunningTaskVOIPExample" */;
			compatibilityVersion = "Xcode 3.2";
			developmentRegion = English;
			hasScannedForEncodings = 0;
			knownRegions = (
				en,
				Base,
			);
			mainGroup = 280BFB681BED04720070EA1B;
			productRefGroup = 280BFB721BED04720070EA1B /* Products */;
			projectDirPath = "";
			projectRoot = "";
			targets = (
				280BFB701BED04720070EA1B /* LongRunningTaskVOIPExample */,
			);
		};
/* End PBXProject section */

/* Begin PBXResourcesBuildPhase section */
		280BFB6F1BED04720070EA1B /* Resources */ = {
			isa = PBXResourcesBuildPhase;
			buildActionMask = 2147483647;
			files = (
				280BFB841BED04720070EA1B /* LaunchScreen.storyboard in Resources */,
				280BFB811BED04720070EA1B /* Assets.xcassets in Resources */,
				280BFB7F1BED04720070EA1B /* Main.storyboard in Resources */,
			);
			runOnlyForDeploymentPostprocessing = 0;
		};
/* End PBXResourcesBuildPhase section */

/* Begin PBXSourcesBuildPhase section */
		280BFB6D1BED04720070EA1B /* Sources */ = {
			isa = PBXSourcesBuildPhase;
			buildActionMask = 2147483647;
			files = (
				280BFB7C1BED04720070EA1B /* ViewController.m in Sources */,
				280BFB791BED04720070EA1B /* AppDelegate.m in Sources */,
				280BFB761BED04720070EA1B /* main.m in Sources */,
			);
			runOnlyForDeploymentPostprocessing = 0;
		};
/* End PBXSourcesBuildPhase section */

/* Begin PBXVariantGroup section */
		280BFB7D1BED04720070EA1B /* Main.storyboard */ = {
			isa = PBXVariantGroup;
			children = (
				280BFB7E1BED04720070EA1B /* Base */,
			);
			name = Main.storyboard;
			sourceTree = "<group>";
		};
		280BFB821BED04720070EA1B /* LaunchScreen.storyboard */ = {
			isa = PBXVariantGroup;
			children = (
				280BFB831BED04720070EA1B /* Base */,
			);
			name = LaunchScreen.storyboard;
			sourceTree = "<group>";
		};
/* End PBXVariantGroup section */

/* Begin XCBuildConfiguration section */
		280BFB861BED04720070EA1B /* Debug */ = {
			isa = XCBuildConfiguration;
			buildSettings = {
				ALWAYS_SEARCH_USER_PATHS = NO;
				CLANG_CXX_LANGUAGE_STANDARD = "gnu++0x";
				CLANG_CXX_LIBRARY = "libc++";
				CLANG_ENABLE_MODULES = YES;
				CLANG_ENABLE_OBJC_ARC = YES;
				CLANG_WARN_BOOL_CONVERSION = YES;
				CLANG_WARN_CONSTANT_CONVERSION = YES;
				CLANG_WARN_DIRECT_OBJC_ISA_USAGE = YES_ERROR;
				CLANG_WARN_EMPTY_BODY = YES;
				CLANG_WARN_ENUM_CONVERSION = YES;
				CLANG_WARN_INT_CONVERSION = YES;
				CLANG_WARN_OBJC_ROOT_CLASS = YES_ERROR;
				CLANG_WARN_UNREACHABLE_CODE = YES;
				CLANG_WARN__DUPLICATE_METHOD_MATCH = YES;
				"CODE_SIGN_IDENTITY[sdk=iphoneos*]" = "iPhone Developer";
				COPY_PHASE_STRIP = NO;
				DEBUG_INFORMATION_FORMAT = dwarf;
				ENABLE_STRICT_OBJC_MSGSEND = YES;
				ENABLE_TESTABILITY = YES;
				GCC_C_LANGUAGE_STANDARD = gnu99;
				GCC_DYNAMIC_NO_PIC = NO;
				GCC_NO_COMMON_BLOCKS = YES;
				GCC_OPTIMIZATION_LEVEL = 0;
				GCC_PREPROCESSOR_DEFINITIONS = (
					"DEBUG=1",
					"$(inherited)",
				);
				GCC_WARN_64_TO_32_BIT_CONVERSION = YES;
				GCC_WARN_ABOUT_RETURN_TYPE = YES_ERROR;
				GCC_WARN_UNDECLARED_SELECTOR = YES;
				GCC_WARN_UNINITIALIZED_AUTOS = YES_AGGRESSIVE;
				GCC_WARN_UNUSED_FUNCTION = YES;
				GCC_WARN_UNUSED_VARIABLE = YES;
				IPHONEOS_DEPLOYMENT_TARGET = 9.0;
				MTL_ENABLE_DEBUG_INFO = YES;
				ONLY_ACTIVE_ARCH = YES;
				SDKROOT = iphoneos;
				TARGETED_DEVICE_FAMILY = "1,2";
			};
			name = Debug;
		};
		280BFB871BED04720070EA1B /* Release */ = {
			isa = XCBuildConfiguration;
			buildSettings = {
				ALWAYS_SEARCH_USER_PATHS = NO;
				CLANG_CXX_LANGUAGE_STANDARD = "gnu++0x";
				CLANG_CXX_LIBRARY = "libc++";
				CLANG_ENABLE_MODULES = YES;
				CLANG_ENABLE_OBJC_ARC = YES;
				CLANG_WARN_BOOL_CONVERSION = YES;
				CLANG_WARN_CONSTANT_CONVERSION = YES;
				CLANG_WARN_DIRECT_OBJC_ISA_USAGE = YES_ERROR;
				CLANG_WARN_EMPTY_BODY = YES;
				CLANG_WARN_ENUM_CONVERSION = YES;
				CLANG_WARN_INT_CONVERSION = YES;
				CLANG_WARN_OBJC_ROOT_CLASS = YES_ERROR;
				CLANG_WARN_UNREACHABLE_CODE = YES;
				CLANG_WARN__DUPLICATE_METHOD_MATCH = YES;
				"CODE_SIGN_IDENTITY[sdk=iphoneos*]" = "iPhone Developer";
				COPY_PHASE_STRIP = NO;
				DEBUG_INFORMATION_FORMAT = "dwarf-with-dsym";
				ENABLE_NS_ASSERTIONS = NO;
				ENABLE_STRICT_OBJC_MSGSEND = YES;
				GCC_C_LANGUAGE_STANDARD = gnu99;
				GCC_NO_COMMON_BLOCKS = YES;
				GCC_WARN_64_TO_32_BIT_CONVERSION = YES;
				GCC_WARN_ABOUT_RETURN_TYPE = YES_ERROR;
				GCC_WARN_UNDECLARED_SELECTOR = YES;
				GCC_WARN_UNINITIALIZED_AUTOS = YES_AGGRESSIVE;
				GCC_WARN_UNUSED_FUNCTION = YES;
				GCC_WARN_UNUSED_VARIABLE = YES;
				IPHONEOS_DEPLOYMENT_TARGET = 9.0;
				MTL_ENABLE_DEBUG_INFO = NO;
				SDKROOT = iphoneos;
				TARGETED_DEVICE_FAMILY = "1,2";
				VALIDATE_PRODUCT = YES;
			};
			name = Release;
		};
		280BFB891BED04720070EA1B /* Debug */ = {
			isa = XCBuildConfiguration;
			buildSettings = {
				ASSETCATALOG_COMPILER_APPICON_NAME = AppIcon;
				INFOPLIST_FILE = LongRunningTaskVOIPExample/Info.plist;
				LD_RUNPATH_SEARCH_PATHS = "$(inherited) @executable_path/Frameworks";
				PRODUCT_BUNDLE_IDENTIFIER = stonehill.edu.LongRunningTaskVOIPExample;
				PRODUCT_NAME = "$(TARGET_NAME)";
			};
			name = Debug;
		};
		280BFB8A1BED04720070EA1B /* Release */ = {
			isa = XCBuildConfiguration;
			buildSettings = {
				ASSETCATALOG_COMPILER_APPICON_NAME = AppIcon;
				INFOPLIST_FILE = LongRunningTaskVOIPExample/Info.plist;
				LD_RUNPATH_SEARCH_PATHS = "$(inherited) @executable_path/Frameworks";
				PRODUCT_BUNDLE_IDENTIFIER = stonehill.edu.LongRunningTaskVOIPExample;
				PRODUCT_NAME = "$(TARGET_NAME)";
			};
			name = Release;
		};
/* End XCBuildConfiguration section */

/* Begin XCConfigurationList section */
		280BFB6C1BED04720070EA1B /* Build configuration list for PBXProject "LongRunningTaskVOIPExample" */ = {
			isa = XCConfigurationList;
			buildConfigurations = (
				280BFB861BED04720070EA1B /* Debug */,
				280BFB871BED04720070EA1B /* Release */,
			);
			defaultConfigurationIsVisible = 0;
			defaultConfigurationName = Release;
		};
		280BFB881BED04720070EA1B /* Build configuration list for PBXNativeTarget "LongRunningTaskVOIPExample" */ = {
			isa = XCConfigurationList;
			buildConfigurations = (
				280BFB891BED04720070EA1B /* Debug */,
				280BFB8A1BED04720070EA1B /* Release */,
			);
			defaultConfigurationIsVisible = 0;
		};
/* End XCConfigurationList section */
	};
	rootObject = 280BFB691BED04720070EA1B /* Project object */;
}
